<?xml version="1.0" encoding="utf-8"?>
<Project ToolsVersion="4.0" xmlns="http://schemas.microsoft.com/developer/msbuild/2003">
  <ItemGroup>
    <Filter Include="Source Files">
      <UniqueIdentifier>{4FC737F1-C7A5-4376-A066-2A32D752A2FF}</UniqueIdentifier>
      <Extensions>cpp;c;cc;cxx;c++;cppm;ixx;def;odl;idl;hpj;bat;asm;asmx</Extensions>
    </Filter>
    <Filter Include="Header Files">
      <UniqueIdentifier>{93995380-89BD-4b04-88EB-625FBE52EBFB}</UniqueIdentifier>
      <Extensions>h;hh;hpp;hxx;h++;hm;inl;inc;ipp;xsd</Extensions>
    </Filter>
    <Filter Include="Resource Files">
      <UniqueIdentifier>{67DA6AB6-F800-4c08-8B7A-83BB121AAD01}</UniqueIdentifier>
      <Extensions>rc;ico;cur;bmp;dlg;rc2;rct;bin;rgs;gif;jpg;jpeg;jpe;resx;tiff;tif;png;wav;mfcribbon-ms</Extensions>
    </Filter>
    <Filter Include="Header Files\Descriptors">
      <UniqueIdentifier>{4e6d0f76-2bba-41e6-b39a-f34051492ff6}</UniqueIdentifier>
    </Filter>
    <Filter Include="Source Files\Descriptors">
      <UniqueIdentifier>{e5e60995-c4b0-4b13-b6dc-1e135378a777}</UniqueIdentifier>
    </Filter>
    <Filter Include="Header Files\RenderSystems">
      <UniqueIdentifier>{8cc9c4f3-efba-4199-a4f7-f1e0d30b0355}</UniqueIdentifier>
    </Filter>
    <Filter Include="Source Files\RenderSystems">
      <UniqueIdentifier>{8b73853f-baec-4347-ab88-afdbfee443e3}</UniqueIdentifier>
    </Filter>
  </ItemGroup>
  <ItemGroup>
    <ClCompile Include="main.cpp">
      <Filter>Source Files</Filter>
    </ClCompile>
    <ClCompile Include="SVEApp.cpp">
      <Filter>Source Files</Filter>
    </ClCompile>
    <ClCompile Include="SVEWindow.cpp">
      <Filter>Source Files</Filter>
    </ClCompile>
    <ClCompile Include="SVEPipeline.cpp">
      <Filter>Source Files</Filter>
    </ClCompile>
    <ClCompile Include="SVEDevice.cpp">
      <Filter>Source Files</Filter>
    </ClCompile>
    <ClCompile Include="SVESwapChain.cpp">
      <Filter>Source Files</Filter>
    </ClCompile>
    <ClCompile Include="SVEModel.cpp">
      <Filter>Source Files</Filter>
    </ClCompile>
    <ClCompile Include="SVERenderer.cpp">
      <Filter>Source Files</Filter>
    </ClCompile>
    <ClCompile Include="SVECamera.cpp">
      <Filter>Source Files</Filter>
    </ClCompile>
    <ClCompile Include="UserInputController.cpp">
      <Filter>Source Files</Filter>
    </ClCompile>
    <ClCompile Include="TransformComponent.cpp">
      <Filter>Source Files</Filter>
    </ClCompile>
    <ClCompile Include="SVEBuffer.cpp">
      <Filter>Source Files</Filter>
    </ClCompile>
    <ClCompile Include="SVEDescriptorPool.cpp">
      <Filter>Source Files\Descriptors</Filter>
    </ClCompile>
    <ClCompile Include="SVEDescriptorSetLayout.cpp">
      <Filter>Source Files\Descriptors</Filter>
    </ClCompile>
    <ClCompile Include="SVEDescriptorWriter.cpp">
      <Filter>Source Files\Descriptors</Filter>
    </ClCompile>
    <ClCompile Include="SimpleRenderSystem.cpp">
      <Filter>Source Files\RenderSystems</Filter>
    </ClCompile>
    <ClCompile Include="CircleBillboardRenderSystem.cpp">
      <Filter>Source Files\RenderSystems</Filter>
    </ClCompile>
    <ClCompile Include="SVEGameObject.cpp">
      <Filter>Source Files</Filter>
    </ClCompile>
    <ClCompile Include="SVETexture.cpp">
      <Filter>Source Files</Filter>
    </ClCompile>
    <ClCompile Include="OffscreenRenderSystem.cpp">
      <Filter>Source Files\RenderSystems</Filter>
    </ClCompile>
    <ClCompile Include="SVERenderPass.cpp">
      <Filter>Source Files</Filter>
    </ClCompile>
    <ClCompile Include="AppBase.cpp">
      <Filter>Source Files</Filter>
    </ClCompile>
    <ClCompile Include="Camera.cpp">
      <Filter>Source Files</Filter>
    </ClCompile>
  </ItemGroup>
  <ItemGroup>
    <ClInclude Include="SVEApp.h">
      <Filter>Header Files</Filter>
    </ClInclude>
    <ClInclude Include="SVEWindow.h">
      <Filter>Header Files</Filter>
    </ClInclude>
    <ClInclude Include="SVEPipeline.h">
      <Filter>Header Files</Filter>
    </ClInclude>
    <ClInclude Include="SVEDevice.h">
      <Filter>Header Files</Filter>
    </ClInclude>
    <ClInclude Include="SVESwapChain.h">
      <Filter>Header Files</Filter>
    </ClInclude>
    <ClInclude Include="SVEModel.h">
      <Filter>Header Files</Filter>
    </ClInclude>
    <ClInclude Include="SVEGameObject.h">
      <Filter>Header Files</Filter>
    </ClInclude>
    <ClInclude Include="TransformComponent.h">
      <Filter>Header Files</Filter>
    </ClInclude>
    <ClInclude Include="SimplePushConstantData.h">
      <Filter>Header Files</Filter>
    </ClInclude>
    <ClInclude Include="SVERenderer.h">
      <Filter>Header Files</Filter>
    </ClInclude>
    <ClInclude Include="SVECamera.h">
      <Filter>Header Files</Filter>
    </ClInclude>
    <ClInclude Include="UserInputController.h">
      <Filter>Header Files</Filter>
    </ClInclude>
    <ClInclude Include="SVEUtils.h">
      <Filter>Header Files</Filter>
    </ClInclude>
    <ClInclude Include="PipelineConfigInfo.h">
      <Filter>Header Files</Filter>
    </ClInclude>
    <ClInclude Include="SVEBuffer.h">
      <Filter>Header Files</Filter>
    </ClInclude>
    <ClInclude Include="FrameInfo.h">
      <Filter>Header Files</Filter>
    </ClInclude>
    <ClInclude Include="GlobalUBO.h">
      <Filter>Header Files</Filter>
    </ClInclude>
    <ClInclude Include="SVEDescriptorPool.h">
      <Filter>Header Files\Descriptors</Filter>
    </ClInclude>
    <ClInclude Include="SVEDescriptorSetLayout.h">
      <Filter>Header Files\Descriptors</Filter>
    </ClInclude>
    <ClInclude Include="SVEDescriptorWriter.h">
      <Filter>Header Files\Descriptors</Filter>
    </ClInclude>
    <ClInclude Include="SimpleRenderSystem.h">
      <Filter>Header Files\RenderSystems</Filter>
    </ClInclude>
    <ClInclude Include="CircleBillboardRenderSystem.h">
      <Filter>Header Files\RenderSystems</Filter>
    </ClInclude>
    <ClInclude Include="PointLight.h">
      <Filter>Header Files</Filter>
    </ClInclude>
    <ClInclude Include="SVETexture.h">
      <Filter>Header Files</Filter>
    </ClInclude>
    <ClInclude Include="OffscreenRenderSystem.h">
      <Filter>Header Files\RenderSystems</Filter>
    </ClInclude>
    <ClInclude Include="SVERenderPass.h">
      <Filter>Header Files</Filter>
    </ClInclude>
    <ClInclude Include="AppBase.h">
      <Filter>Header Files</Filter>
    </ClInclude>
    <ClInclude Include="Camera.h">
      <Filter>Header Files</Filter>
    </ClInclude>
  </ItemGroup>
  <ItemGroup>
    <None Include="..\Shaders\compile.bat">
      <Filter>Resource Files</Filter>
    </None>
    <None Include="..\Shaders\circle_billboard.frag">
      <Filter>Resource Files</Filter>
    </None>
    <None Include="..\Shaders\circle_billboard.vert">
      <Filter>Resource Files</Filter>
    </None>
    <None Include="..\Shaders\simple_shader.frag">
      <Filter>Resource Files</Filter>
    </None>
    <None Include="..\Shaders\simple_shader.vert">
      <Filter>Resource Files</Filter>
    </None>
    <None Include="..\README.md">
      <Filter>Resource Files</Filter>
    </None>
  </ItemGroup>
</Project>