<?xml version="1.0" encoding="utf-8"?>
<Project ToolsVersion="4.0" xmlns="http://schemas.microsoft.com/developer/msbuild/2003">
  <ItemGroup>
    <Filter Include="Source Files">
      <UniqueIdentifier>{4FC737F1-C7A5-4376-A066-2A32D752A2FF}</UniqueIdentifier>
      <Extensions>cpp;c;cc;cxx;c++;cppm;ixx;def;odl;idl;hpj;bat;asm;asmx</Extensions>
    </Filter>
    <Filter Include="Header Files">
      <UniqueIdentifier>{93995380-89BD-4b04-88EB-625FBE52EBFB}</UniqueIdentifier>
      <Extensions>h;hh;hpp;hxx;h++;hm;inl;inc;ipp;xsd</Extensions>
    </Filter>
    <Filter Include="Resource Files">
      <UniqueIdentifier>{67DA6AB6-F800-4c08-8B7A-83BB121AAD01}</UniqueIdentifier>
      <Extensions>rc;ico;cur;bmp;dlg;rc2;rct;bin;rgs;gif;jpg;jpeg;jpe;resx;tiff;tif;png;wav;mfcribbon-ms</Extensions>
    </Filter>
  </ItemGroup>
  <ItemGroup>
    <ClCompile Include="main.cpp">
      <Filter>Source Files</Filter>
    </ClCompile>
    <ClCompile Include="SVEApp.cpp">
      <Filter>Source Files</Filter>
    </ClCompile>
    <ClCompile Include="SVEWindow.cpp">
      <Filter>Source Files</Filter>
    </ClCompile>
    <ClCompile Include="SVEPipeline.cpp">
      <Filter>Source Files</Filter>
    </ClCompile>
    <ClCompile Include="SVEDevice.cpp">
      <Filter>Source Files</Filter>
    </ClCompile>
    <ClCompile Include="SVESwapChain.cpp">
      <Filter>Source Files</Filter>
    </ClCompile>
    <ClCompile Include="SVEModel.cpp">
      <Filter>Source Files</Filter>
    </ClCompile>
    <ClCompile Include="SVERenderer.cpp">
      <Filter>Source Files</Filter>
    </ClCompile>
    <ClCompile Include="SimpleRenderSystem.cpp">
      <Filter>Source Files</Filter>
    </ClCompile>
    <ClCompile Include="SVECamera.cpp">
      <Filter>Source Files</Filter>
    </ClCompile>
    <ClCompile Include="KeyboardMovementController.cpp">
      <Filter>Source Files</Filter>
    </ClCompile>
    <ClCompile Include="TransformComponent.cpp">
      <Filter>Source Files</Filter>
    </ClCompile>
    <ClCompile Include="SVEBuffer.cpp">
      <Filter>Source Files</Filter>
    </ClCompile>
  </ItemGroup>
  <ItemGroup>
    <ClInclude Include="SVEApp.h">
      <Filter>Header Files</Filter>
    </ClInclude>
    <ClInclude Include="SVEWindow.h">
      <Filter>Header Files</Filter>
    </ClInclude>
    <ClInclude Include="SVEPipeline.h">
      <Filter>Header Files</Filter>
    </ClInclude>
    <ClInclude Include="SVEDevice.h">
      <Filter>Header Files</Filter>
    </ClInclude>
    <ClInclude Include="SVESwapChain.h">
      <Filter>Header Files</Filter>
    </ClInclude>
    <ClInclude Include="SVEModel.h">
      <Filter>Header Files</Filter>
    </ClInclude>
    <ClInclude Include="SVEGameObject.h">
      <Filter>Header Files</Filter>
    </ClInclude>
    <ClInclude Include="TransformComponent.h">
      <Filter>Header Files</Filter>
    </ClInclude>
    <ClInclude Include="SimplePushConstantData.h">
      <Filter>Header Files</Filter>
    </ClInclude>
    <ClInclude Include="SVERenderer.h">
      <Filter>Header Files</Filter>
    </ClInclude>
    <ClInclude Include="SimpleRenderSystem.h">
      <Filter>Header Files</Filter>
    </ClInclude>
    <ClInclude Include="SVECamera.h">
      <Filter>Header Files</Filter>
    </ClInclude>
    <ClInclude Include="KeyboardMovementController.h">
      <Filter>Header Files</Filter>
    </ClInclude>
    <ClInclude Include="SVEUtils.h">
      <Filter>Header Files</Filter>
    </ClInclude>
    <ClInclude Include="PipelineConfigInfo.h">
      <Filter>Header Files</Filter>
    </ClInclude>
    <ClInclude Include="SVEBuffer.h">
      <Filter>Header Files</Filter>
    </ClInclude>
    <ClInclude Include="FrameInfo.h">
      <Filter>Header Files</Filter>
    </ClInclude>
    <ClInclude Include="GlobalUBO.h">
      <Filter>Header Files</Filter>
    </ClInclude>
  </ItemGroup>
  <ItemGroup>
    <None Include="..\Shaders\compile.bat">
      <Filter>Resource Files</Filter>
    </None>
    <None Include="..\Shaders\shader.frag">
      <Filter>Resource Files</Filter>
    </None>
    <None Include="..\Shaders\shader.vert">
      <Filter>Resource Files</Filter>
    </None>
  </ItemGroup>
</Project>