<?xml version="1.0" encoding="utf-8"?>
<Project ToolsVersion="4.0" xmlns="http://schemas.microsoft.com/developer/msbuild/2003">
  <ItemGroup>
    <Filter Include="Source Files">
      <UniqueIdentifier>{4FC737F1-C7A5-4376-A066-2A32D752A2FF}</UniqueIdentifier>
      <Extensions>cpp;c;cc;cxx;c++;cppm;ixx;def;odl;idl;hpj;bat;asm;asmx</Extensions>
    </Filter>
    <Filter Include="Header Files">
      <UniqueIdentifier>{93995380-89BD-4b04-88EB-625FBE52EBFB}</UniqueIdentifier>
      <Extensions>h;hh;hpp;hxx;h++;hm;inl;inc;ipp;xsd</Extensions>
    </Filter>
    <Filter Include="Resource Files">
      <UniqueIdentifier>{67DA6AB6-F800-4c08-8B7A-83BB121AAD01}</UniqueIdentifier>
      <Extensions>rc;ico;cur;bmp;dlg;rc2;rct;bin;rgs;gif;jpg;jpeg;jpe;resx;tiff;tif;png;wav;mfcribbon-ms</Extensions>
    </Filter>
    <Filter Include="Header Files\Descriptors">
      <UniqueIdentifier>{4e6d0f76-2bba-41e6-b39a-f34051492ff6}</UniqueIdentifier>
    </Filter>
    <Filter Include="Source Files\Descriptors">
      <UniqueIdentifier>{e5e60995-c4b0-4b13-b6dc-1e135378a777}</UniqueIdentifier>
    </Filter>
    <Filter Include="Header Files\RenderSystems">
      <UniqueIdentifier>{8cc9c4f3-efba-4199-a4f7-f1e0d30b0355}</UniqueIdentifier>
    </Filter>
    <Filter Include="Source Files\RenderSystems">
      <UniqueIdentifier>{8b73853f-baec-4347-ab88-afdbfee443e3}</UniqueIdentifier>
    </Filter>
    <Filter Include="Header Files\Apps">
      <UniqueIdentifier>{2769b95f-6628-40ea-b599-4b5969965c7b}</UniqueIdentifier>
    </Filter>
    <Filter Include="Source Files\Apps">
      <UniqueIdentifier>{0f6da5f3-a0df-4d9b-a9b6-d64eb01c7768}</UniqueIdentifier>
    </Filter>
  </ItemGroup>
  <ItemGroup>
    <ClCompile Include="main.cpp">
      <Filter>Source Files</Filter>
    </ClCompile>
    <ClCompile Include="System\SVEDescriptorPool.cpp">
      <Filter>Source Files\Descriptors</Filter>
    </ClCompile>
    <ClCompile Include="System\SVEDescriptorSetLayout.cpp">
      <Filter>Source Files\Descriptors</Filter>
    </ClCompile>
    <ClCompile Include="System\SVEDescriptorWriter.cpp">
      <Filter>Source Files\Descriptors</Filter>
    </ClCompile>
    <ClCompile Include="System\CircleBillboardRenderSystem.cpp">
      <Filter>Source Files\RenderSystems</Filter>
    </ClCompile>
    <ClCompile Include="System\OffscreenRenderSystem.cpp">
      <Filter>Source Files\RenderSystems</Filter>
    </ClCompile>
    <ClCompile Include="System\SimpleRenderSystem.cpp">
      <Filter>Source Files\RenderSystems</Filter>
    </ClCompile>
    <ClCompile Include="System\Camera.cpp">
      <Filter>Source Files</Filter>
    </ClCompile>
    <ClCompile Include="System\SVEBuffer.cpp">
      <Filter>Source Files</Filter>
    </ClCompile>
    <ClCompile Include="System\SVEDevice.cpp">
      <Filter>Source Files</Filter>
    </ClCompile>
    <ClCompile Include="System\SVEGameObject.cpp">
      <Filter>Source Files</Filter>
    </ClCompile>
    <ClCompile Include="System\SVEModel.cpp">
      <Filter>Source Files</Filter>
    </ClCompile>
    <ClCompile Include="System\SVEPipeline.cpp">
      <Filter>Source Files</Filter>
    </ClCompile>
    <ClCompile Include="System\SVERenderer.cpp">
      <Filter>Source Files</Filter>
    </ClCompile>
    <ClCompile Include="System\SVERenderPass.cpp">
      <Filter>Source Files</Filter>
    </ClCompile>
    <ClCompile Include="System\SVESwapChain.cpp">
      <Filter>Source Files</Filter>
    </ClCompile>
    <ClCompile Include="System\SVETexture.cpp">
      <Filter>Source Files</Filter>
    </ClCompile>
    <ClCompile Include="System\SVEWindow.cpp">
      <Filter>Source Files</Filter>
    </ClCompile>
    <ClCompile Include="System\TransformComponent.cpp">
      <Filter>Source Files</Filter>
    </ClCompile>
    <ClCompile Include="Apps\AppBase.cpp">
      <Filter>Source Files\Apps</Filter>
    </ClCompile>
    <ClCompile Include="Apps\SVEApp.cpp">
      <Filter>Source Files\Apps</Filter>
    </ClCompile>
  </ItemGroup>
  <ItemGroup>
    <None Include="..\Shaders\compile.bat">
      <Filter>Resource Files</Filter>
    </None>
    <None Include="..\Shaders\circle_billboard.frag">
      <Filter>Resource Files</Filter>
    </None>
    <None Include="..\Shaders\circle_billboard.vert">
      <Filter>Resource Files</Filter>
    </None>
    <None Include="..\Shaders\simple_shader.frag">
      <Filter>Resource Files</Filter>
    </None>
    <None Include="..\Shaders\simple_shader.vert">
      <Filter>Resource Files</Filter>
    </None>
    <None Include="..\README.md">
      <Filter>Resource Files</Filter>
    </None>
  </ItemGroup>
  <ItemGroup>
    <ClInclude Include="System\SVEDescriptorPool.h">
      <Filter>Header Files\Descriptors</Filter>
    </ClInclude>
    <ClInclude Include="System\SVEDescriptorSetLayout.h">
      <Filter>Header Files\Descriptors</Filter>
    </ClInclude>
    <ClInclude Include="System\SVEDescriptorWriter.h">
      <Filter>Header Files\Descriptors</Filter>
    </ClInclude>
    <ClInclude Include="System\CircleBillboardRenderSystem.h">
      <Filter>Header Files\RenderSystems</Filter>
    </ClInclude>
    <ClInclude Include="System\OffscreenRenderSystem.h">
      <Filter>Header Files\RenderSystems</Filter>
    </ClInclude>
    <ClInclude Include="System\SimpleRenderSystem.h">
      <Filter>Source Files\Descriptors</Filter>
    </ClInclude>
    <ClInclude Include="System\Camera.h">
      <Filter>Header Files</Filter>
    </ClInclude>
    <ClInclude Include="System\FrameInfo.h">
      <Filter>Header Files</Filter>
    </ClInclude>
    <ClInclude Include="System\GlobalUBO.h">
      <Filter>Header Files</Filter>
    </ClInclude>
    <ClInclude Include="System\PipelineConfigInfo.h">
      <Filter>Header Files</Filter>
    </ClInclude>
    <ClInclude Include="System\PointLight.h">
      <Filter>Header Files</Filter>
    </ClInclude>
    <ClInclude Include="System\SimplePushConstantData.h">
      <Filter>Header Files</Filter>
    </ClInclude>
    <ClInclude Include="System\SVEBuffer.h">
      <Filter>Header Files</Filter>
    </ClInclude>
    <ClInclude Include="System\SVEDevice.h">
      <Filter>Header Files</Filter>
    </ClInclude>
    <ClInclude Include="System\SVEGameObject.h">
      <Filter>Header Files</Filter>
    </ClInclude>
    <ClInclude Include="System\SVEModel.h">
      <Filter>Header Files</Filter>
    </ClInclude>
    <ClInclude Include="System\SVEPipeline.h">
      <Filter>Header Files</Filter>
    </ClInclude>
    <ClInclude Include="System\SVERenderer.h">
      <Filter>Header Files</Filter>
    </ClInclude>
    <ClInclude Include="System\SVERenderPass.h">
      <Filter>Header Files</Filter>
    </ClInclude>
    <ClInclude Include="System\SVESwapChain.h">
      <Filter>Header Files</Filter>
    </ClInclude>
    <ClInclude Include="System\SVETexture.h">
      <Filter>Header Files</Filter>
    </ClInclude>
    <ClInclude Include="System\SVEUtils.h">
      <Filter>Header Files</Filter>
    </ClInclude>
    <ClInclude Include="System\SVEWindow.h">
      <Filter>Header Files</Filter>
    </ClInclude>
    <ClInclude Include="System\TransformComponent.h">
      <Filter>Header Files</Filter>
    </ClInclude>
    <ClInclude Include="Apps\AppBase.h">
      <Filter>Header Files\Apps</Filter>
    </ClInclude>
    <ClInclude Include="Apps\SVEApp.h">
      <Filter>Header Files\Apps</Filter>
    </ClInclude>
  </ItemGroup>
</Project>